
Microsoft Visual Studio Solution File, Format Version 12.00
# Visual Studio 14
VisualStudioVersion = 14.0.25420.1
MinimumVisualStudioVersion = 10.0.40219.1
Project("{FAE04EC0-301F-11D3-BF4B-00C04F79EFBC}") = "PdfMerge", "PdfMerge\PdfMerge.csproj", "{603D6511-36E9-456B-BA60-D40EB34561FF}"
EndProject
Project("{930C7802-8A8C-48F9-8165-68863BCCD9DD}") = "PdfMergeSetup", "PdfMergeSetup\PdfMergeSetup.wixproj", "{2BAB4D80-6B8B-4D14-A0AC-92095BADBB5D}"
EndProject
Global
	GlobalSection(SolutionConfigurationPlatforms) = preSolution
		Debug|Any CPU = Debug|Any CPU
		Debug|x86 = Debug|x86
		Release|Any CPU = Release|Any CPU
		Release|x86 = Release|x86
	EndGlobalSection
	GlobalSection(ProjectConfigurationPlatforms) = postSolution
		{603D6511-36E9-456B-BA60-D40EB34561FF}.Debug|Any CPU.ActiveCfg = Debug|Any CPU
		{603D6511-36E9-456B-BA60-D40EB34561FF}.Debug|Any CPU.Build.0 = Debug|Any CPU
		{603D6511-36E9-456B-BA60-D40EB34561FF}.Debug|x86.ActiveCfg = Debug|Any CPU
		{603D6511-36E9-456B-BA60-D40EB34561FF}.Debug|x86.Build.0 = Debug|Any CPU
		{603D6511-36E9-456B-BA60-D40EB34561FF}.Release|Any CPU.ActiveCfg = Release|Any CPU
		{603D6511-36E9-456B-BA60-D40EB34561FF}.Release|Any CPU.Build.0 = Release|Any CPU
		{603D6511-36E9-456B-BA60-D40EB34561FF}.Release|x86.ActiveCfg = Release|Any CPU
		{603D6511-36E9-456B-BA60-D40EB34561FF}.Release|x86.Build.0 = Release|Any CPU
		{2BAB4D80-6B8B-4D14-A0AC-92095BADBB5D}.Debug|Any CPU.ActiveCfg = Debug|x86
		{2BAB4D80-6B8B-4D14-A0AC-92095BADBB5D}.Debug|x86.ActiveCfg = Debug|x86
		{2BAB4D80-6B8B-4D14-A0AC-92095BADBB5D}.Debug|x86.Build.0 = Debug|x86
		{2BAB4D80-6B8B-4D14-A0AC-92095BADBB5D}.Release|Any CPU.ActiveCfg = Release|x86
		{2BAB4D80-6B8B-4D14-A0AC-92095BADBB5D}.Release|x86.ActiveCfg = Release|x86
		{2BAB4D80-6B8B-4D14-A0AC-92095BADBB5D}.Release|x86.Build.0 = Release|x86
	EndGlobalSection
	GlobalSection(SolutionProperties) = preSolution
		HideSolutionNode = FALSE
	EndGlobalSection
EndGlobal
